
Microsoft Visual Studio Solution File, Format Version 12.00
# Visual Studio Version 16
VisualStudioVersion = 16.0.29609.76
MinimumVisualStudioVersion = 10.0.40219.1
Project("{FAE04EC0-301F-11D3-BF4B-00C04F79EFBC}") = "SecureMessageAndroid", "SecureMessageAndroid\SecureMessageAndroid.csproj", "{A59B1EDC-F81F-4E15-9C39-9267913305E8}"
EndProject
Global
	GlobalSection(SolutionConfigurationPlatforms) = preSolution
		Debug|Any CPU = Debug|Any CPU
		Release|Any CPU = Release|Any CPU
	EndGlobalSection
	GlobalSection(ProjectConfigurationPlatforms) = postSolution
		{A59B1EDC-F81F-4E15-9C39-9267913305E8}.Debug|Any CPU.ActiveCfg = Debug|Any CPU
		{A59B1EDC-F81F-4E15-9C39-9267913305E8}.Debug|Any CPU.Build.0 = Debug|Any CPU
		{A59B1EDC-F81F-4E15-9C39-9267913305E8}.Debug|Any CPU.Deploy.0 = Debug|Any CPU
		{A59B1EDC-F81F-4E15-9C39-9267913305E8}.Release|Any CPU.ActiveCfg = Release|Any CPU
		{A59B1EDC-F81F-4E15-9C39-9267913305E8}.Release|Any CPU.Build.0 = Release|Any CPU
		{A59B1EDC-F81F-4E15-9C39-9267913305E8}.Release|Any CPU.Deploy.0 = Release|Any CPU
	EndGlobalSection
	GlobalSection(SolutionProperties) = preSolution
		HideSolutionNode = FALSE
	EndGlobalSection
	GlobalSection(ExtensibilityGlobals) = postSolution
		SolutionGuid = {22D1F78D-EF44-405A-8395-A90894F2C27E}
	EndGlobalSection
EndGlobal
