
Microsoft Visual Studio Solution File, Format Version 12.00
# Visual Studio Version 16
VisualStudioVersion = 16.0.29609.76
MinimumVisualStudioVersion = 10.0.40219.1
Project("{FAE04EC0-301F-11D3-BF4B-00C04F79EFBC}") = "SecureMessageAndroid", "SecureMessageAndroid\SecureMessageAndroid.csproj", "{0246772D-EBF4-4330-B0AA-943F228C2E8B}"
EndProject
Global
	GlobalSection(SolutionConfigurationPlatforms) = preSolution
		Debug|Any CPU = Debug|Any CPU
		Release|Any CPU = Release|Any CPU
	EndGlobalSection
	GlobalSection(ProjectConfigurationPlatforms) = postSolution
		{0246772D-EBF4-4330-B0AA-943F228C2E8B}.Debug|Any CPU.ActiveCfg = Debug|Any CPU
		{0246772D-EBF4-4330-B0AA-943F228C2E8B}.Debug|Any CPU.Build.0 = Debug|Any CPU
		{0246772D-EBF4-4330-B0AA-943F228C2E8B}.Debug|Any CPU.Deploy.0 = Debug|Any CPU
		{0246772D-EBF4-4330-B0AA-943F228C2E8B}.Release|Any CPU.ActiveCfg = Release|Any CPU
		{0246772D-EBF4-4330-B0AA-943F228C2E8B}.Release|Any CPU.Build.0 = Release|Any CPU
		{0246772D-EBF4-4330-B0AA-943F228C2E8B}.Release|Any CPU.Deploy.0 = Release|Any CPU
	EndGlobalSection
	GlobalSection(SolutionProperties) = preSolution
		HideSolutionNode = FALSE
	EndGlobalSection
	GlobalSection(ExtensibilityGlobals) = postSolution
		SolutionGuid = {FEF8A20C-71D1-4320-9111-36675EEBE567}
	EndGlobalSection
EndGlobal
